%{
  "cizen": {:hex, :cizen, "0.1.0", "5039d3f26a2c2dbdb6ffe046b54475d6fcd6ea198f44dcd25259f2983971633c", [:mix], [{:elixir_uuid, "~> 1.2", [hex: :elixir_uuid, optional: false]}]},
  "elixir_uuid": {:hex, :elixir_uuid, "1.2.0", "ff26e938f95830b1db152cb6e594d711c10c02c6391236900ddd070a6b01271d", [:mix], []},
}
